
Microsoft Visual Studio Solution File, Format Version 12.00
# Visual Studio 2013
VisualStudioVersion = 12.0.30110.0
MinimumVisualStudioVersion = 10.0.40219.1
Project("{FAE04EC0-301F-11D3-BF4B-00C04F79EFBC}") = "BowlPhysics", "BowlPhysics\BowlPhysics.csproj", "{BCCC1052-FBB2-46F5-A1EF-1761E548A3B9}"
EndProject
Global
	GlobalSection(SolutionConfigurationPlatforms) = preSolution
		Debug|x64 = Debug|x64
		Release|x64 = Release|x64
	EndGlobalSection
	GlobalSection(ProjectConfigurationPlatforms) = postSolution
		{BCCC1052-FBB2-46F5-A1EF-1761E548A3B9}.Debug|x64.ActiveCfg = Debug|x64
		{BCCC1052-FBB2-46F5-A1EF-1761E548A3B9}.Debug|x64.Build.0 = Debug|x64
		{BCCC1052-FBB2-46F5-A1EF-1761E548A3B9}.Release|x64.ActiveCfg = Release|x64
		{BCCC1052-FBB2-46F5-A1EF-1761E548A3B9}.Release|x64.Build.0 = Release|x64
	EndGlobalSection
	GlobalSection(SolutionProperties) = preSolution
		HideSolutionNode = FALSE
	EndGlobalSection
EndGlobal
