
Microsoft Visual Studio Solution File, Format Version 12.00
# Visual Studio 2013
VisualStudioVersion = 12.0.30501.0
MinimumVisualStudioVersion = 10.0.40219.1
Project("{FAE04EC0-301F-11D3-BF4B-00C04F79EFBC}") = "SoLeap", "SoLeap\SoLeap.csproj", "{3728BAB2-86BA-4E16-8976-44EC40A2112F}"
EndProject
Project("{FAE04EC0-301F-11D3-BF4B-00C04F79EFBC}") = "SoLeap.LeapProvider", "SoLeap.LeapProvider\SoLeap.LeapProvider.csproj", "{1A5D24A0-C7C6-4ACB-8EA4-BC02D0982919}"
EndProject
Project("{FAE04EC0-301F-11D3-BF4B-00C04F79EFBC}") = "SoLeap.Visualizer", "SoLeap.Visualizer\SoLeap.Visualizer.csproj", "{5BF2F420-48FF-4C84-9D6E-06DF6EABBF8C}"
EndProject
Project("{2150E333-8FDC-42A3-9474-1A3956D46DE8}") = "External", "External", "{6D4EAAD6-3829-4751-9BA7-0E1D8B95123E}"
EndProject
Project("{FAE04EC0-301F-11D3-BF4B-00C04F79EFBC}") = "SharpDX.WPF", "_External\SharpDX.WPF\SharpDX.WPF.csproj", "{587D723B-36B2-49E2-9018-E3ABD4B8BBA6}"
EndProject
Project("{FAE04EC0-301F-11D3-BF4B-00C04F79EFBC}") = "SoLeap.Worlds", "SoLeap.Worlds\SoLeap.Worlds.csproj", "{7C85E90F-802A-4CD2-81C8-43719E705EC3}"
EndProject
Global
	GlobalSection(SolutionConfigurationPlatforms) = preSolution
		Debug|x64 = Debug|x64
		Debug|x86 = Debug|x86
		Release|x64 = Release|x64
		Release|x86 = Release|x86
	EndGlobalSection
	GlobalSection(ProjectConfigurationPlatforms) = postSolution
		{3728BAB2-86BA-4E16-8976-44EC40A2112F}.Debug|x64.ActiveCfg = Debug|x64
		{3728BAB2-86BA-4E16-8976-44EC40A2112F}.Debug|x64.Build.0 = Debug|x64
		{3728BAB2-86BA-4E16-8976-44EC40A2112F}.Debug|x86.ActiveCfg = Debug|x86
		{3728BAB2-86BA-4E16-8976-44EC40A2112F}.Debug|x86.Build.0 = Debug|x86
		{3728BAB2-86BA-4E16-8976-44EC40A2112F}.Release|x64.ActiveCfg = Release|x64
		{3728BAB2-86BA-4E16-8976-44EC40A2112F}.Release|x64.Build.0 = Release|x64
		{3728BAB2-86BA-4E16-8976-44EC40A2112F}.Release|x86.ActiveCfg = Release|x86
		{3728BAB2-86BA-4E16-8976-44EC40A2112F}.Release|x86.Build.0 = Release|x86
		{1A5D24A0-C7C6-4ACB-8EA4-BC02D0982919}.Debug|x64.ActiveCfg = Debug|x64
		{1A5D24A0-C7C6-4ACB-8EA4-BC02D0982919}.Debug|x64.Build.0 = Debug|x64
		{1A5D24A0-C7C6-4ACB-8EA4-BC02D0982919}.Debug|x86.ActiveCfg = Debug|x86
		{1A5D24A0-C7C6-4ACB-8EA4-BC02D0982919}.Debug|x86.Build.0 = Debug|x86
		{1A5D24A0-C7C6-4ACB-8EA4-BC02D0982919}.Release|x64.ActiveCfg = Release|x64
		{1A5D24A0-C7C6-4ACB-8EA4-BC02D0982919}.Release|x64.Build.0 = Release|x64
		{1A5D24A0-C7C6-4ACB-8EA4-BC02D0982919}.Release|x86.ActiveCfg = Release|x86
		{1A5D24A0-C7C6-4ACB-8EA4-BC02D0982919}.Release|x86.Build.0 = Release|x86
		{5BF2F420-48FF-4C84-9D6E-06DF6EABBF8C}.Debug|x64.ActiveCfg = Debug|x64
		{5BF2F420-48FF-4C84-9D6E-06DF6EABBF8C}.Debug|x64.Build.0 = Debug|x64
		{5BF2F420-48FF-4C84-9D6E-06DF6EABBF8C}.Debug|x86.ActiveCfg = Debug|x86
		{5BF2F420-48FF-4C84-9D6E-06DF6EABBF8C}.Debug|x86.Build.0 = Debug|x86
		{5BF2F420-48FF-4C84-9D6E-06DF6EABBF8C}.Release|x64.ActiveCfg = Release|x64
		{5BF2F420-48FF-4C84-9D6E-06DF6EABBF8C}.Release|x64.Build.0 = Release|x64
		{5BF2F420-48FF-4C84-9D6E-06DF6EABBF8C}.Release|x86.ActiveCfg = Release|x86
		{5BF2F420-48FF-4C84-9D6E-06DF6EABBF8C}.Release|x86.Build.0 = Release|x86
		{587D723B-36B2-49E2-9018-E3ABD4B8BBA6}.Debug|x64.ActiveCfg = Debug|x64
		{587D723B-36B2-49E2-9018-E3ABD4B8BBA6}.Debug|x64.Build.0 = Debug|x64
		{587D723B-36B2-49E2-9018-E3ABD4B8BBA6}.Debug|x86.ActiveCfg = Debug|x86
		{587D723B-36B2-49E2-9018-E3ABD4B8BBA6}.Debug|x86.Build.0 = Debug|x86
		{587D723B-36B2-49E2-9018-E3ABD4B8BBA6}.Release|x64.ActiveCfg = Release|x64
		{587D723B-36B2-49E2-9018-E3ABD4B8BBA6}.Release|x64.Build.0 = Release|x64
		{587D723B-36B2-49E2-9018-E3ABD4B8BBA6}.Release|x86.ActiveCfg = Release|x86
		{587D723B-36B2-49E2-9018-E3ABD4B8BBA6}.Release|x86.Build.0 = Release|x86
		{7C85E90F-802A-4CD2-81C8-43719E705EC3}.Debug|x64.ActiveCfg = Debug|x64
		{7C85E90F-802A-4CD2-81C8-43719E705EC3}.Debug|x64.Build.0 = Debug|x64
		{7C85E90F-802A-4CD2-81C8-43719E705EC3}.Debug|x86.ActiveCfg = Debug|x86
		{7C85E90F-802A-4CD2-81C8-43719E705EC3}.Debug|x86.Build.0 = Debug|x86
		{7C85E90F-802A-4CD2-81C8-43719E705EC3}.Release|x64.ActiveCfg = Release|x64
		{7C85E90F-802A-4CD2-81C8-43719E705EC3}.Release|x64.Build.0 = Release|x64
		{7C85E90F-802A-4CD2-81C8-43719E705EC3}.Release|x86.ActiveCfg = Release|x86
		{7C85E90F-802A-4CD2-81C8-43719E705EC3}.Release|x86.Build.0 = Release|x86
	EndGlobalSection
	GlobalSection(SolutionProperties) = preSolution
		HideSolutionNode = FALSE
	EndGlobalSection
	GlobalSection(NestedProjects) = preSolution
		{587D723B-36B2-49E2-9018-E3ABD4B8BBA6} = {6D4EAAD6-3829-4751-9BA7-0E1D8B95123E}
	EndGlobalSection
EndGlobal
