
Microsoft Visual Studio Solution File, Format Version 12.00
# Visual Studio 2013
VisualStudioVersion = 12.0.30501.0
MinimumVisualStudioVersion = 10.0.40219.1
Project("{FAE04EC0-301F-11D3-BF4B-00C04F79EFBC}") = "SoLeap", "SoLeap\SoLeap.csproj", "{3728BAB2-86BA-4E16-8976-44EC40A2112F}"
EndProject
Project("{FAE04EC0-301F-11D3-BF4B-00C04F79EFBC}") = "SoLeap.LeapProvider", "SoLeap.LeapProvider\SoLeap.LeapProvider.csproj", "{1A5D24A0-C7C6-4ACB-8EA4-BC02D0982919}"
EndProject
Project("{FAE04EC0-301F-11D3-BF4B-00C04F79EFBC}") = "SoLeap.Visualizer", "SoLeap.Visualizer\SoLeap.Visualizer.csproj", "{5BF2F420-48FF-4C84-9D6E-06DF6EABBF8C}"
EndProject
Project("{2150E333-8FDC-42A3-9474-1A3956D46DE8}") = "External", "External", "{6D4EAAD6-3829-4751-9BA7-0E1D8B95123E}"
EndProject
Project("{FAE04EC0-301F-11D3-BF4B-00C04F79EFBC}") = "SharpDX.WPF", "_External\SharpDX.WPF\SharpDX.WPF.csproj", "{587D723B-36B2-49E2-9018-E3ABD4B8BBA6}"
EndProject
Project("{2150E333-8FDC-42A3-9474-1A3956D46DE8}") = ".nuget", ".nuget", "{0613F619-4F81-4DE8-9B55-178F4AF71815}"
	ProjectSection(SolutionItems) = preProject
		.nuget\NuGet.Config = .nuget\NuGet.Config
		.nuget\NuGet.exe = .nuget\NuGet.exe
		.nuget\NuGet.targets = .nuget\NuGet.targets
	EndProjectSection
EndProject
Global
	GlobalSection(SolutionConfigurationPlatforms) = preSolution
		Debug|Any CPU = Debug|Any CPU
		Release|Any CPU = Release|Any CPU
	EndGlobalSection
	GlobalSection(ProjectConfigurationPlatforms) = postSolution
		{3728BAB2-86BA-4E16-8976-44EC40A2112F}.Debug|Any CPU.ActiveCfg = Debug|Any CPU
		{3728BAB2-86BA-4E16-8976-44EC40A2112F}.Debug|Any CPU.Build.0 = Debug|Any CPU
		{3728BAB2-86BA-4E16-8976-44EC40A2112F}.Release|Any CPU.ActiveCfg = Release|Any CPU
		{3728BAB2-86BA-4E16-8976-44EC40A2112F}.Release|Any CPU.Build.0 = Release|Any CPU
		{1A5D24A0-C7C6-4ACB-8EA4-BC02D0982919}.Debug|Any CPU.ActiveCfg = Debug|Any CPU
		{1A5D24A0-C7C6-4ACB-8EA4-BC02D0982919}.Debug|Any CPU.Build.0 = Debug|Any CPU
		{1A5D24A0-C7C6-4ACB-8EA4-BC02D0982919}.Release|Any CPU.ActiveCfg = Release|Any CPU
		{1A5D24A0-C7C6-4ACB-8EA4-BC02D0982919}.Release|Any CPU.Build.0 = Release|Any CPU
		{5BF2F420-48FF-4C84-9D6E-06DF6EABBF8C}.Debug|Any CPU.ActiveCfg = Debug|Any CPU
		{5BF2F420-48FF-4C84-9D6E-06DF6EABBF8C}.Debug|Any CPU.Build.0 = Debug|Any CPU
		{5BF2F420-48FF-4C84-9D6E-06DF6EABBF8C}.Release|Any CPU.ActiveCfg = Release|Any CPU
		{5BF2F420-48FF-4C84-9D6E-06DF6EABBF8C}.Release|Any CPU.Build.0 = Release|Any CPU
		{587D723B-36B2-49E2-9018-E3ABD4B8BBA6}.Debug|Any CPU.ActiveCfg = Debug|Any CPU
		{587D723B-36B2-49E2-9018-E3ABD4B8BBA6}.Debug|Any CPU.Build.0 = Debug|Any CPU
		{587D723B-36B2-49E2-9018-E3ABD4B8BBA6}.Release|Any CPU.ActiveCfg = Release|Any CPU
		{587D723B-36B2-49E2-9018-E3ABD4B8BBA6}.Release|Any CPU.Build.0 = Release|Any CPU
	EndGlobalSection
	GlobalSection(SolutionProperties) = preSolution
		HideSolutionNode = FALSE
	EndGlobalSection
	GlobalSection(NestedProjects) = preSolution
		{587D723B-36B2-49E2-9018-E3ABD4B8BBA6} = {6D4EAAD6-3829-4751-9BA7-0E1D8B95123E}
	EndGlobalSection
EndGlobal
